{
  "name": "front_end_learning_record",
  "version": "1.0.0",
  "lockfileVersion": 3,
  "requires": true,
  "packages": {
    "": {
      "name": "front_end_learning_record",
      "version": "1.0.0",
      "license": "ISC",
      "dependencies": {
        "lodash": "^4.17.21",
        "moyan-utils": "^0.0.11"
      },
      "devDependencies": {
        "@types/lodash": "^4.14.192"
      }
    },
    "node_modules/@types/lodash": {
      "version": "4.14.192",
      "resolved": "https://registry.npmjs.org/@types/lodash/-/lodash-4.14.192.tgz",
      "integrity": "sha512-km+Vyn3BYm5ytMO13k9KTp27O75rbQ0NFw+U//g+PX7VZyjCioXaRFisqSIJRECljcTv73G3i6BpglNGHgUQ5A==",
      "dev": true
    },
    "node_modules/lodash": {
      "version": "4.17.21",
      "resolved": "https://registry.npmjs.org/lodash/-/lodash-4.17.21.tgz",
      "integrity": "sha512-v2kDEe57lecTulaDIuNTPy3Ry4gLGJ6Z1O3vE1krgXZNrsQ+LFTGHVxVjcXPs17LhbZVGedAJv8XZ1tvj5FvSg=="
    },
    "node_modules/moyan-utils": {
      "version": "0.0.11",
      "resolved": "https://registry.npmjs.org/moyan-utils/-/moyan-utils-0.0.11.tgz",
      "integrity": "sha512-5LLEUb96eI9mDVPc6qPU62ryUZc5F4t7dA+igaFZaQeVGzxFUFHQnOoltY7lBTj9/Mn1ofrKxDsvxWGNwFy3ew==",
      "engines": {
        "node": ">=10"
      }
    }
  }
}
